version: 2.0
shards:
  backtracer:
    git: https://github.com/sija/backtracer.cr.git
    version: 1.2.2

  exception_page:
    git: https://github.com/crystal-loot/exception_page.git
    version: 0.3.0

  grip:
    git: https://github.com/grip-framework/grip.git
    version: 2.0.1

  radix:
    git: https://github.com/luislavena/radix.git
    version: 0.4.1

