github.com/open-runtimes/types-for-go/v4 v4.0.3-0.20240718080753-375b4fd97f57 h1:aJlJC3xfGmqjTYdN12nvqLyoS9VsCnpffhVAb2oHHV4=
github.com/open-runtimes/types-for-go/v4 v4.0.3-0.20240718080753-375b4fd97f57/go.mod h1:88UUMYovXGRbv5keL4uTKDYMWeNtIKV0BbxDRQ18/xY=
github.com/open-runtimes/types-for-go/v4 v4.0.3-0.20240718082948-efa582704694 h1:1qC/xFm7CnHsdj9653qJ0/QVZj4fzd5DJEYpxqB0QyA=
github.com/open-runtimes/types-for-go/v4 v4.0.3-0.20240718082948-efa582704694/go.mod h1:88UUMYovXGRbv5keL4uTKDYMWeNtIKV0BbxDRQ18/xY=
github.com/open-runtimes/types-for-go/v4 v4.0.3-0.20240718084436-5d6de62fce7a h1:QyI9Iz0InaQP1YfUhVkT93zBYQM3Y89madZ/Rb/CJ4Q=
github.com/open-runtimes/types-for-go/v4 v4.0.3-0.20240718084436-5d6de62fce7a/go.mod h1:ab4mDSfgeG4kN8wWpaBSv0Ao3m9P6oEfN5gsXtx+iaI=
github.com/open-runtimes/types-for-go/v4 v4.0.3 h1:rlxECrwSzB+FW/ymIsQXdS/4Ua2ZXJofYYUALJgd3mw=
github.com/open-runtimes/types-for-go/v4 v4.0.3/go.mod h1:ab4mDSfgeG4kN8wWpaBSv0Ao3m9P6oEfN5gsXtx+iaI=
