{
  "lockfileVersion": 1,
  "workspaces": {
    "": {
      "name": "open-runtimes-bun",
      "dependencies": {
        "devalue": "^5.1.1",
      },
    },
  },
  "packages": {
    "devalue": ["devalue@5.6.3", "", {}, "sha512-nc7XjUU/2Lb+SvEFVGcWLiKkzfw8+qHI7zn8WYXKkLMgfGSHbgCEaR6bJpev8Cm6Rmrb19Gfd/tZvGqx9is3wg=="],
  }
}
