
Microsoft Visual Studio Solution File, Format Version 12.00
# Visual Studio Version 16
VisualStudioVersion = 25.0.1700.0
MinimumVisualStudioVersion = 10.0.40219.1
Project("{FAE04EC0-301F-11D3-BF4B-00C04F79EFBC}") = "DotNetRuntime", "DotNetRuntime.csproj", "{D6D8AEE0-F36B-4CA8-A8F6-431BF25ABDEE}"
EndProject
Project("{F2A71F9B-5D33-465A-A702-920D77279786}") = "Wrapper", "Wrapper\Wrapper.fsproj", "{D8CAAB9D-16AC-41E8-AC45-942C3F5A03F6}"
EndProject
Global
	GlobalSection(SolutionConfigurationPlatforms) = preSolution
		Debug|Any CPU = Debug|Any CPU
		Release|Any CPU = Release|Any CPU
	EndGlobalSection
	GlobalSection(ProjectConfigurationPlatforms) = postSolution
		{D6D8AEE0-F36B-4CA8-A8F6-431BF25ABDEE}.Debug|Any CPU.ActiveCfg = Debug|Any CPU
		{D6D8AEE0-F36B-4CA8-A8F6-431BF25ABDEE}.Debug|Any CPU.Build.0 = Debug|Any CPU
		{D6D8AEE0-F36B-4CA8-A8F6-431BF25ABDEE}.Release|Any CPU.ActiveCfg = Release|Any CPU
		{D6D8AEE0-F36B-4CA8-A8F6-431BF25ABDEE}.Release|Any CPU.Build.0 = Release|Any CPU
		{D8CAAB9D-16AC-41E8-AC45-942C3F5A03F6}.Debug|Any CPU.ActiveCfg = Debug|Any CPU
		{D8CAAB9D-16AC-41E8-AC45-942C3F5A03F6}.Debug|Any CPU.Build.0 = Debug|Any CPU
		{D8CAAB9D-16AC-41E8-AC45-942C3F5A03F6}.Release|Any CPU.ActiveCfg = Release|Any CPU
		{D8CAAB9D-16AC-41E8-AC45-942C3F5A03F6}.Release|Any CPU.Build.0 = Release|Any CPU
	EndGlobalSection
	GlobalSection(SolutionProperties) = preSolution
		HideSolutionNode = FALSE
	EndGlobalSection
	GlobalSection(ExtensibilityGlobals) = postSolution
		SolutionGuid = {D1A741AD-BA4E-4E74-A5B7-9F4C31F93BF0}
	EndGlobalSection
EndGlobal
